# THIS IS AN AUTOGENERATED FILE. DO NOT EDIT THIS FILE DIRECTLY.
# yarn lockfile v1


"@js-joda/core@3.2.0":
  version "3.2.0"
  resolved "https://registry.yarnpkg.com/@js-joda/core/-/core-3.2.0.tgz#3e61e21b7b2b8a6be746df1335cf91d70db2a273"
  integrity sha512-PMqgJ0sw5B7FKb2d5bWYIoxjri+QlW/Pys7+Rw82jSH0QN3rB05jZ/VrrsUdh1w4+i2kw9JOejXGq/KhDOX7Kg==

"@noble/ciphers@2.4.0":
  version "2.4.0"
  resolved "https://registry.yarnpkg.com/@noble/ciphers/-/ciphers-2.4.0.tgz#04cf9e0f1cd3d521e8e5ca92dc0c02238180f676"
  integrity sha512-AnjFn0Jv92laAkvMrghlFZq4qQCIN/4DxFV/eooqtC2YTjB7kBeLMS2T9KJX4Dn+ZVXLOwK0lSgqDtx9gvxtiw==

"@noble/hashes@2.4.0":
  version "2.4.0"
  resolved "https://registry.yarnpkg.com/@noble/hashes/-/hashes-2.4.0.tgz#e6a3e98edbed3c8659b28bb8f9b18ca02ec8ea4b"
  integrity sha512-X5XaVWZIBCT7HHZGm5I7ZQXDwLG+bGXuSrMQAW+7Zvl87h1kmc1ZB1VSRJcpUfoUrGQp4Fkoxm5kZ+Ms+aW+eA==

fake-indexeddb@6.2.5:
  version "6.2.5"
  resolved "https://registry.yarnpkg.com/fake-indexeddb/-/fake-indexeddb-6.2.5.tgz#74285b6821467d6c102af092f0a4517ad5521613"
  integrity sha512-CGnyrvbhPlWYMngksqrSSUT1BAVP49dZocrHuK0SvtR0D5TMs5wP0o3j7jexDJW01KSadjBp1M/71o/KR3nD1w==
